// !$*UTF8*$!
{
	archiveVersion = 1;
	classes = {
	};
	objectVersion = 48;
	objects = {

/* Begin PBXBuildFile section */
		C22869892055A06B00BDDB7B /* AppDelegate.swift in Sources */ = {isa = PBXBuildFile; fileRef = C22869882055A06B00BDDB7B /* AppDelegate.swift */; };
		C228698B2055A06B00BDDB7B /* ListViewController.swift in Sources */ = {isa = PBXBuildFile; fileRef = C228698A2055A06B00BDDB7B /* ListViewController.swift */; };
		C228698E2055A06B00BDDB7B /* Main.storyboard in Resources */ = {isa = PBXBuildFile; fileRef = C228698C2055A06B00BDDB7B /* Main.storyboard */; };
		C22869902055A06B00BDDB7B /* Assets.xcassets in Resources */ = {isa = PBXBuildFile; fileRef = C228698F2055A06B00BDDB7B /* Assets.xcassets */; };
		C22869932055A06B00BDDB7B /* LaunchScreen.storyboard in Resources */ = {isa = PBXBuildFile; fileRef = C22869912055A06B00BDDB7B /* LaunchScreen.storyboard */; };
		C228699E2055A06C00BDDB7B /* ListPresenterTests.swift in Sources */ = {isa = PBXBuildFile; fileRef = C228699D2055A06C00BDDB7B /* ListPresenterTests.swift */; };
		C22869AA2055A2EC00BDDB7B /* City.swift in Sources */ = {isa = PBXBuildFile; fileRef = C22869A92055A2EC00BDDB7B /* City.swift */; };
		C22869AC2055A39300BDDB7B /* CityCell.swift in Sources */ = {isa = PBXBuildFile; fileRef = C22869AB2055A39300BDDB7B /* CityCell.swift */; };
		C22869AF2055A3AC00BDDB7B /* Updatable.swift in Sources */ = {isa = PBXBuildFile; fileRef = C22869AE2055A3AC00BDDB7B /* Updatable.swift */; };
		C22869B12055A3B500BDDB7B /* Resetable.swift in Sources */ = {isa = PBXBuildFile; fileRef = C22869B02055A3B500BDDB7B /* Resetable.swift */; };
		C22869B42055A6C200BDDB7B /* App.swift in Sources */ = {isa = PBXBuildFile; fileRef = C22869B32055A6C200BDDB7B /* App.swift */; };
		C22869B62055A6DF00BDDB7B /* Palette.swift in Sources */ = {isa = PBXBuildFile; fileRef = C22869B52055A6DF00BDDB7B /* Palette.swift */; };
		C22869BA2055A74000BDDB7B /* UIColor+.swift in Sources */ = {isa = PBXBuildFile; fileRef = C22869B92055A74000BDDB7B /* UIColor+.swift */; };
		C22869BC2055A7FF00BDDB7B /* MapViewController.swift in Sources */ = {isa = PBXBuildFile; fileRef = C22869BB2055A7FF00BDDB7B /* MapViewController.swift */; };
		C22869C02055AA3F00BDDB7B /* MapKit.framework in Frameworks */ = {isa = PBXBuildFile; fileRef = C22869BF2055AA3F00BDDB7B /* MapKit.framework */; };
		C22869C22055AE1500BDDB7B /* ListPresenterProtocol.swift in Sources */ = {isa = PBXBuildFile; fileRef = C22869C12055AE1500BDDB7B /* ListPresenterProtocol.swift */; };
		C22869C52055AE4400BDDB7B /* ListPresenter.swift in Sources */ = {isa = PBXBuildFile; fileRef = C22869C42055AE4400BDDB7B /* ListPresenter.swift */; };
		C22869C92055B23300BDDB7B /* CitiesRequest.swift in Sources */ = {isa = PBXBuildFile; fileRef = C22869C82055B23300BDDB7B /* CitiesRequest.swift */; };
		C22869CC2055B29300BDDB7B /* Requestable.swift in Sources */ = {isa = PBXBuildFile; fileRef = C22869CB2055B29300BDDB7B /* Requestable.swift */; };
		C22869D02055B5A200BDDB7B /* Response.swift in Sources */ = {isa = PBXBuildFile; fileRef = C22869CF2055B5A200BDDB7B /* Response.swift */; };
		C22869D22055B8C500BDDB7B /* ServiceError.swift in Sources */ = {isa = PBXBuildFile; fileRef = C22869D12055B8C500BDDB7B /* ServiceError.swift */; };
		C22869D42055B96200BDDB7B /* cities.json in Resources */ = {isa = PBXBuildFile; fileRef = C22869D32055B96200BDDB7B /* cities.json */; };
		C22869D62055BBFF00BDDB7B /* Decodable+.swift in Sources */ = {isa = PBXBuildFile; fileRef = C22869D52055BBFF00BDDB7B /* Decodable+.swift */; };
		C22869D82055BF9200BDDB7B /* UIViewController+Alert.swift in Sources */ = {isa = PBXBuildFile; fileRef = C22869D72055BF9200BDDB7B /* UIViewController+Alert.swift */; };
		C22869DB2055BFEC00BDDB7B /* CityCell.xib in Resources */ = {isa = PBXBuildFile; fileRef = C22869DA2055BFEC00BDDB7B /* CityCell.xib */; };
		C22869DD2055C03700BDDB7B /* UITableView+Register.swift in Sources */ = {isa = PBXBuildFile; fileRef = C22869DC2055C03700BDDB7B /* UITableView+Register.swift */; };
		C22869DF2055C05900BDDB7B /* NSObject+.swift in Sources */ = {isa = PBXBuildFile; fileRef = C22869DE2055C05900BDDB7B /* NSObject+.swift */; };
		C2286A54205848DE00BDDB7B /* LoadViewController.swift in Sources */ = {isa = PBXBuildFile; fileRef = C2286A53205848DE00BDDB7B /* LoadViewController.swift */; };
		C2286A56205849FC00BDDB7B /* JSONLoadPresenter.swift in Sources */ = {isa = PBXBuildFile; fileRef = C2286A55205849FC00BDDB7B /* JSONLoadPresenter.swift */; };
		C2FB42A32058558C00E4F968 /* CityTests.swift in Sources */ = {isa = PBXBuildFile; fileRef = C2FB42A22058558C00E4F968 /* CityTests.swift */; };
		C2FB42A72058684700E4F968 /* AppStoryboards.swift in Sources */ = {isa = PBXBuildFile; fileRef = C2FB42A62058684700E4F968 /* AppStoryboards.swift */; };
		C2FB42AD2058743500E4F968 /* Groupable.swift in Sources */ = {isa = PBXBuildFile; fileRef = C2FB42AC2058743500E4F968 /* Groupable.swift */; };
		C2FB42AF205876DA00E4F968 /* LoadPresenterProtocol.swift in Sources */ = {isa = PBXBuildFile; fileRef = C2FB42AE205876DA00E4F968 /* LoadPresenterProtocol.swift */; };
		C2FB42B120587A5300E4F968 /* UserLoadPresenter.swift in Sources */ = {isa = PBXBuildFile; fileRef = C2FB42B020587A5300E4F968 /* UserLoadPresenter.swift */; };
/* End PBXBuildFile section */

/* Begin PBXContainerItemProxy section */
		C228699A2055A06C00BDDB7B /* PBXContainerItemProxy */ = {
			isa = PBXContainerItemProxy;
			containerPortal = C228697D2055A06B00BDDB7B /* Project object */;
			proxyType = 1;
			remoteGlobalIDString = C22869842055A06B00BDDB7B;
			remoteInfo = Cities;
		};
/* End PBXContainerItemProxy section */

/* Begin PBXFileReference section */
		C22869852055A06B00BDDB7B /* Cities.app */ = {isa = PBXFileReference; explicitFileType = wrapper.application; includeInIndex = 0; path = Cities.app; sourceTree = BUILT_PRODUCTS_DIR; };
		C22869882055A06B00BDDB7B /* AppDelegate.swift */ = {isa = PBXFileReference; lastKnownFileType = sourcecode.swift; path = AppDelegate.swift; sourceTree = "<group>"; };
		C228698A2055A06B00BDDB7B /* ListViewController.swift */ = {isa = PBXFileReference; lastKnownFileType = sourcecode.swift; path = ListViewController.swift; sourceTree = "<group>"; };
		C228698D2055A06B00BDDB7B /* Base */ = {isa = PBXFileReference; lastKnownFileType = file.storyboard; name = Base; path = Base.lproj/Main.storyboard; sourceTree = "<group>"; };
		C228698F2055A06B00BDDB7B /* Assets.xcassets */ = {isa = PBXFileReference; lastKnownFileType = folder.assetcatalog; path = Assets.xcassets; sourceTree = "<group>"; };
		C22869922055A06B00BDDB7B /* Base */ = {isa = PBXFileReference; lastKnownFileType = file.storyboard; name = Base; path = Base.lproj/LaunchScreen.storyboard; sourceTree = "<group>"; };
		C22869942055A06B00BDDB7B /* Info.plist */ = {isa = PBXFileReference; lastKnownFileType = text.plist.xml; path = Info.plist; sourceTree = "<group>"; };
		C22869992055A06C00BDDB7B /* CitiesTests.xctest */ = {isa = PBXFileReference; explicitFileType = wrapper.cfbundle; includeInIndex = 0; path = CitiesTests.xctest; sourceTree = BUILT_PRODUCTS_DIR; };
		C228699D2055A06C00BDDB7B /* ListPresenterTests.swift */ = {isa = PBXFileReference; lastKnownFileType = sourcecode.swift; path = ListPresenterTests.swift; sourceTree = "<group>"; };
		C228699F2055A06C00BDDB7B /* Info.plist */ = {isa = PBXFileReference; lastKnownFileType = text.plist.xml; path = Info.plist; sourceTree = "<group>"; };
		C22869A92055A2EC00BDDB7B /* City.swift */ = {isa = PBXFileReference; lastKnownFileType = sourcecode.swift; path = City.swift; sourceTree = "<group>"; };
		C22869AB2055A39300BDDB7B /* CityCell.swift */ = {isa = PBXFileReference; lastKnownFileType = sourcecode.swift; path = CityCell.swift; sourceTree = "<group>"; };
		C22869AE2055A3AC00BDDB7B /* Updatable.swift */ = {isa = PBXFileReference; lastKnownFileType = sourcecode.swift; path = Updatable.swift; sourceTree = "<group>"; };
		C22869B02055A3B500BDDB7B /* Resetable.swift */ = {isa = PBXFileReference; lastKnownFileType = sourcecode.swift; path = Resetable.swift; sourceTree = "<group>"; };
		C22869B32055A6C200BDDB7B /* App.swift */ = {isa = PBXFileReference; lastKnownFileType = sourcecode.swift; path = App.swift; sourceTree = "<group>"; };
		C22869B52055A6DF00BDDB7B /* Palette.swift */ = {isa = PBXFileReference; lastKnownFileType = sourcecode.swift; path = Palette.swift; sourceTree = "<group>"; };
		C22869B92055A74000BDDB7B /* UIColor+.swift */ = {isa = PBXFileReference; lastKnownFileType = sourcecode.swift; path = "UIColor+.swift"; sourceTree = "<group>"; };
		C22869BB2055A7FF00BDDB7B /* MapViewController.swift */ = {isa = PBXFileReference; lastKnownFileType = sourcecode.swift; path = MapViewController.swift; sourceTree = "<group>"; };
		C22869BF2055AA3F00BDDB7B /* MapKit.framework */ = {isa = PBXFileReference; lastKnownFileType = wrapper.framework; name = MapKit.framework; path = System/Library/Frameworks/MapKit.framework; sourceTree = SDKROOT; };
		C22869C12055AE1500BDDB7B /* ListPresenterProtocol.swift */ = {isa = PBXFileReference; lastKnownFileType = sourcecode.swift; path = ListPresenterProtocol.swift; sourceTree = "<group>"; };
		C22869C42055AE4400BDDB7B /* ListPresenter.swift */ = {isa = PBXFileReference; lastKnownFileType = sourcecode.swift; path = ListPresenter.swift; sourceTree = "<group>"; };
		C22869C82055B23300BDDB7B /* CitiesRequest.swift */ = {isa = PBXFileReference; lastKnownFileType = sourcecode.swift; path = CitiesRequest.swift; sourceTree = "<group>"; };
		C22869CB2055B29300BDDB7B /* Requestable.swift */ = {isa = PBXFileReference; lastKnownFileType = sourcecode.swift; path = Requestable.swift; sourceTree = "<group>"; };
		C22869CF2055B5A200BDDB7B /* Response.swift */ = {isa = PBXFileReference; lastKnownFileType = sourcecode.swift; path = Response.swift; sourceTree = "<group>"; };
		C22869D12055B8C500BDDB7B /* ServiceError.swift */ = {isa = PBXFileReference; lastKnownFileType = sourcecode.swift; path = ServiceError.swift; sourceTree = "<group>"; };
		C22869D32055B96200BDDB7B /* cities.json */ = {isa = PBXFileReference; fileEncoding = 4; lastKnownFileType = text.json; path = cities.json; sourceTree = "<group>"; };
		C22869D52055BBFF00BDDB7B /* Decodable+.swift */ = {isa = PBXFileReference; lastKnownFileType = sourcecode.swift; path = "Decodable+.swift"; sourceTree = "<group>"; };
		C22869D72055BF9200BDDB7B /* UIViewController+Alert.swift */ = {isa = PBXFileReference; lastKnownFileType = sourcecode.swift; path = "UIViewController+Alert.swift"; sourceTree = "<group>"; };
		C22869DA2055BFEC00BDDB7B /* CityCell.xib */ = {isa = PBXFileReference; lastKnownFileType = file.xib; path = CityCell.xib; sourceTree = "<group>"; };
		C22869DC2055C03700BDDB7B /* UITableView+Register.swift */ = {isa = PBXFileReference; lastKnownFileType = sourcecode.swift; path = "UITableView+Register.swift"; sourceTree = "<group>"; };
		C22869DE2055C05900BDDB7B /* NSObject+.swift */ = {isa = PBXFileReference; lastKnownFileType = sourcecode.swift; path = "NSObject+.swift"; sourceTree = "<group>"; };
		C2286A53205848DE00BDDB7B /* LoadViewController.swift */ = {isa = PBXFileReference; lastKnownFileType = sourcecode.swift; path = LoadViewController.swift; sourceTree = "<group>"; };
		C2286A55205849FC00BDDB7B /* JSONLoadPresenter.swift */ = {isa = PBXFileReference; lastKnownFileType = sourcecode.swift; path = JSONLoadPresenter.swift; sourceTree = "<group>"; };
		C2FB42A22058558C00E4F968 /* CityTests.swift */ = {isa = PBXFileReference; lastKnownFileType = sourcecode.swift; path = CityTests.swift; sourceTree = "<group>"; };
		C2FB42A62058684700E4F968 /* AppStoryboards.swift */ = {isa = PBXFileReference; fileEncoding = 4; lastKnownFileType = sourcecode.swift; path = AppStoryboards.swift; sourceTree = "<group>"; };
		C2FB42AC2058743500E4F968 /* Groupable.swift */ = {isa = PBXFileReference; lastKnownFileType = sourcecode.swift; path = Groupable.swift; sourceTree = "<group>"; };
		C2FB42AE205876DA00E4F968 /* LoadPresenterProtocol.swift */ = {isa = PBXFileReference; lastKnownFileType = sourcecode.swift; path = LoadPresenterProtocol.swift; sourceTree = "<group>"; };
		C2FB42B020587A5300E4F968 /* UserLoadPresenter.swift */ = {isa = PBXFileReference; lastKnownFileType = sourcecode.swift; path = UserLoadPresenter.swift; sourceTree = "<group>"; };
/* End PBXFileReference section */

/* Begin PBXFrameworksBuildPhase section */
		C22869822055A06B00BDDB7B /* Frameworks */ = {
			isa = PBXFrameworksBuildPhase;
			buildActionMask = 2147483647;
			files = (
				C22869C02055AA3F00BDDB7B /* MapKit.framework in Frameworks */,
			);
			runOnlyForDeploymentPostprocessing = 0;
		};
		C22869962055A06C00BDDB7B /* Frameworks */ = {
			isa = PBXFrameworksBuildPhase;
			buildActionMask = 2147483647;
			files = (
			);
			runOnlyForDeploymentPostprocessing = 0;
		};
/* End PBXFrameworksBuildPhase section */

/* Begin PBXGroup section */
		C228697C2055A06B00BDDB7B = {
			isa = PBXGroup;
			children = (
				C22869872055A06B00BDDB7B /* Cities */,
				C228699C2055A06C00BDDB7B /* CitiesTests */,
				C22869862055A06B00BDDB7B /* Products */,
				C22869BE2055AA3F00BDDB7B /* Frameworks */,
			);
			sourceTree = "<group>";
		};
		C22869862055A06B00BDDB7B /* Products */ = {
			isa = PBXGroup;
			children = (
				C22869852055A06B00BDDB7B /* Cities.app */,
				C22869992055A06C00BDDB7B /* CitiesTests.xctest */,
			);
			name = Products;
			sourceTree = "<group>";
		};
		C22869872055A06B00BDDB7B /* Cities */ = {
			isa = PBXGroup;
			children = (
				C2FB42A82058697700E4F968 /* Enums */,
				C22869B72055A72B00BDDB7B /* Extensions */,
				C2FB42A42058677100E4F968 /* GeneratedCode */,
				C22869D92055BFDD00BDDB7B /* Layout */,
				C22869A82055A2E000BDDB7B /* Model */,
				C22869C32055AE2500BDDB7B /* Presenter */,
				C22869AD2055A3A300BDDB7B /* Protocols */,
				C22869CA2055B23800BDDB7B /* Requests */,
				C22869C62055AEF700BDDB7B /* Resources */,
				C2FB42A92058699400E4F968 /* Support */,
				C22869BD2055A85A00BDDB7B /* ViewControllers */,
				C2FB42A02058550300E4F968 /* Views */,
			);
			path = Cities;
			sourceTree = "<group>";
		};
		C228699C2055A06C00BDDB7B /* CitiesTests */ = {
			isa = PBXGroup;
			children = (
				C2FB42A12058557C00E4F968 /* Model */,
				C228699D2055A06C00BDDB7B /* ListPresenterTests.swift */,
				C228699F2055A06C00BDDB7B /* Info.plist */,
			);
			path = CitiesTests;
			sourceTree = "<group>";
		};
		C22869A82055A2E000BDDB7B /* Model */ = {
			isa = PBXGroup;
			children = (
				C22869A92055A2EC00BDDB7B /* City.swift */,
			);
			path = Model;
			sourceTree = "<group>";
		};
		C22869AD2055A3A300BDDB7B /* Protocols */ = {
			isa = PBXGroup;
			children = (
				C22869AE2055A3AC00BDDB7B /* Updatable.swift */,
				C22869B02055A3B500BDDB7B /* Resetable.swift */,
				C22869C12055AE1500BDDB7B /* ListPresenterProtocol.swift */,
				C22869CB2055B29300BDDB7B /* Requestable.swift */,
				C2FB42AC2058743500E4F968 /* Groupable.swift */,
				C2FB42AE205876DA00E4F968 /* LoadPresenterProtocol.swift */,
			);
			path = Protocols;
			sourceTree = "<group>";
		};
		C22869B72055A72B00BDDB7B /* Extensions */ = {
			isa = PBXGroup;
			children = (
				C22869B82055A73200BDDB7B /* UIKit */,
				C22869D52055BBFF00BDDB7B /* Decodable+.swift */,
				C22869DE2055C05900BDDB7B /* NSObject+.swift */,
			);
			path = Extensions;
			sourceTree = "<group>";
		};
		C22869B82055A73200BDDB7B /* UIKit */ = {
			isa = PBXGroup;
			children = (
				C22869B92055A74000BDDB7B /* UIColor+.swift */,
				C22869D72055BF9200BDDB7B /* UIViewController+Alert.swift */,
				C22869DC2055C03700BDDB7B /* UITableView+Register.swift */,
			);
			path = UIKit;
			sourceTree = "<group>";
		};
		C22869BD2055A85A00BDDB7B /* ViewControllers */ = {
			isa = PBXGroup;
			children = (
				C228698A2055A06B00BDDB7B /* ListViewController.swift */,
				C22869BB2055A7FF00BDDB7B /* MapViewController.swift */,
				C2286A53205848DE00BDDB7B /* LoadViewController.swift */,
			);
			path = ViewControllers;
			sourceTree = "<group>";
		};
		C22869BE2055AA3F00BDDB7B /* Frameworks */ = {
			isa = PBXGroup;
			children = (
				C22869BF2055AA3F00BDDB7B /* MapKit.framework */,
			);
			name = Frameworks;
			sourceTree = "<group>";
		};
		C22869C32055AE2500BDDB7B /* Presenter */ = {
			isa = PBXGroup;
			children = (
				C22869C42055AE4400BDDB7B /* ListPresenter.swift */,
				C2286A55205849FC00BDDB7B /* JSONLoadPresenter.swift */,
				C2FB42B020587A5300E4F968 /* UserLoadPresenter.swift */,
			);
			path = Presenter;
			sourceTree = "<group>";
		};
		C22869C62055AEF700BDDB7B /* Resources */ = {
			isa = PBXGroup;
			children = (
				C22869B52055A6DF00BDDB7B /* Palette.swift */,
				C22869D32055B96200BDDB7B /* cities.json */,
				C228698F2055A06B00BDDB7B /* Assets.xcassets */,
			);
			path = Resources;
			sourceTree = "<group>";
		};
		C22869C72055B1D500BDDB7B /* Storyboards */ = {
			isa = PBXGroup;
			children = (
				C228698C2055A06B00BDDB7B /* Main.storyboard */,
				C22869912055A06B00BDDB7B /* LaunchScreen.storyboard */,
			);
			path = Storyboards;
			sourceTree = "<group>";
		};
		C22869CA2055B23800BDDB7B /* Requests */ = {
			isa = PBXGroup;
			children = (
				C22869C82055B23300BDDB7B /* CitiesRequest.swift */,
			);
			path = Requests;
			sourceTree = "<group>";
		};
		C22869D92055BFDD00BDDB7B /* Layout */ = {
			isa = PBXGroup;
			children = (
				C22869C72055B1D500BDDB7B /* Storyboards */,
				C22869DA2055BFEC00BDDB7B /* CityCell.xib */,
			);
			path = Layout;
			sourceTree = "<group>";
		};
		C2FB42A02058550300E4F968 /* Views */ = {
			isa = PBXGroup;
			children = (
				C22869AB2055A39300BDDB7B /* CityCell.swift */,
			);
			path = Views;
			sourceTree = "<group>";
		};
		C2FB42A12058557C00E4F968 /* Model */ = {
			isa = PBXGroup;
			children = (
				C2FB42A22058558C00E4F968 /* CityTests.swift */,
			);
			path = Model;
			sourceTree = "<group>";
		};
		C2FB42A42058677100E4F968 /* GeneratedCode */ = {
			isa = PBXGroup;
			children = (
				C2FB42A62058684700E4F968 /* AppStoryboards.swift */,
			);
			path = GeneratedCode;
			sourceTree = "<group>";
		};
		C2FB42A82058697700E4F968 /* Enums */ = {
			isa = PBXGroup;
			children = (
				C22869CF2055B5A200BDDB7B /* Response.swift */,
				C22869D12055B8C500BDDB7B /* ServiceError.swift */,
			);
			path = Enums;
			sourceTree = "<group>";
		};
		C2FB42A92058699400E4F968 /* Support */ = {
			isa = PBXGroup;
			children = (
				C22869942055A06B00BDDB7B /* Info.plist */,
				C22869B32055A6C200BDDB7B /* App.swift */,
				C22869882055A06B00BDDB7B /* AppDelegate.swift */,
			);
			path = Support;
			sourceTree = "<group>";
		};
/* End PBXGroup section */

/* Begin PBXNativeTarget section */
		C22869842055A06B00BDDB7B /* Cities */ = {
			isa = PBXNativeTarget;
			buildConfigurationList = C22869A22055A06C00BDDB7B /* Build configuration list for PBXNativeTarget "Cities" */;
			buildPhases = (
				C2FB42A5205867A800E4F968 /* Generate Code */,
				C22869B22055A4DD00BDDB7B /* Lint Project */,
				C22869812055A06B00BDDB7B /* Sources */,
				C22869822055A06B00BDDB7B /* Frameworks */,
				C22869832055A06B00BDDB7B /* Resources */,
			);
			buildRules = (
			);
			dependencies = (
			);
			name = Cities;
			productName = Cities;
			productReference = C22869852055A06B00BDDB7B /* Cities.app */;
			productType = "com.apple.product-type.application";
		};
		C22869982055A06C00BDDB7B /* CitiesTests */ = {
			isa = PBXNativeTarget;
			buildConfigurationList = C22869A52055A06C00BDDB7B /* Build configuration list for PBXNativeTarget "CitiesTests" */;
			buildPhases = (
				C22869952055A06C00BDDB7B /* Sources */,
				C22869962055A06C00BDDB7B /* Frameworks */,
				C22869972055A06C00BDDB7B /* Resources */,
			);
			buildRules = (
			);
			dependencies = (
				C228699B2055A06C00BDDB7B /* PBXTargetDependency */,
			);
			name = CitiesTests;
			productName = CitiesTests;
			productReference = C22869992055A06C00BDDB7B /* CitiesTests.xctest */;
			productType = "com.apple.product-type.bundle.unit-test";
		};
/* End PBXNativeTarget section */

/* Begin PBXProject section */
		C228697D2055A06B00BDDB7B /* Project object */ = {
			isa = PBXProject;
			attributes = {
				LastSwiftUpdateCheck = 0920;
				LastUpgradeCheck = 0920;
				ORGANIZATIONNAME = marlon.tojal;
				TargetAttributes = {
					C22869842055A06B00BDDB7B = {
						CreatedOnToolsVersion = 9.2;
						ProvisioningStyle = Automatic;
						SystemCapabilities = {
							com.apple.Maps.iOS = {
								enabled = 1;
							};
						};
					};
					C22869982055A06C00BDDB7B = {
						CreatedOnToolsVersion = 9.2;
						ProvisioningStyle = Automatic;
						TestTargetID = C22869842055A06B00BDDB7B;
					};
				};
			};
			buildConfigurationList = C22869802055A06B00BDDB7B /* Build configuration list for PBXProject "Cities" */;
			compatibilityVersion = "Xcode 8.0";
			developmentRegion = en;
			hasScannedForEncodings = 0;
			knownRegions = (
				en,
				Base,
			);
			mainGroup = C228697C2055A06B00BDDB7B;
			productRefGroup = C22869862055A06B00BDDB7B /* Products */;
			projectDirPath = "";
			projectRoot = "";
			targets = (
				C22869842055A06B00BDDB7B /* Cities */,
				C22869982055A06C00BDDB7B /* CitiesTests */,
			);
		};
/* End PBXProject section */

/* Begin PBXResourcesBuildPhase section */
		C22869832055A06B00BDDB7B /* Resources */ = {
			isa = PBXResourcesBuildPhase;
			buildActionMask = 2147483647;
			files = (
				C22869D42055B96200BDDB7B /* cities.json in Resources */,
				C22869DB2055BFEC00BDDB7B /* CityCell.xib in Resources */,
				C22869932055A06B00BDDB7B /* LaunchScreen.storyboard in Resources */,
				C22869902055A06B00BDDB7B /* Assets.xcassets in Resources */,
				C228698E2055A06B00BDDB7B /* Main.storyboard in Resources */,
			);
			runOnlyForDeploymentPostprocessing = 0;
		};
		C22869972055A06C00BDDB7B /* Resources */ = {
			isa = PBXResourcesBuildPhase;
			buildActionMask = 2147483647;
			files = (
			);
			runOnlyForDeploymentPostprocessing = 0;
		};
/* End PBXResourcesBuildPhase section */

/* Begin PBXShellScriptBuildPhase section */
		C22869B22055A4DD00BDDB7B /* Lint Project */ = {
			isa = PBXShellScriptBuildPhase;
			buildActionMask = 2147483647;
			files = (
			);
			inputPaths = (
			);
			name = "Lint Project";
			outputPaths = (
			);
			runOnlyForDeploymentPostprocessing = 0;
			shellPath = /bin/sh;
			shellScript = "if which swiftlint >/dev/null; then\n    swiftlint\nelse\n    echo \"Warning: SwiftLint not installed\"\nfi\n\nif which iblinter >/dev/null; then\n    iblinter lint\nelse\n    echo \"warning: IBLinter not installed, download from https://github.com/kateinoigakukun/IBLinter\"\nfi";
		};
		C2FB42A5205867A800E4F968 /* Generate Code */ = {
			isa = PBXShellScriptBuildPhase;
			buildActionMask = 2147483647;
			files = (
			);
			inputPaths = (
			);
			name = "Generate Code";
			outputPaths = (
			);
			runOnlyForDeploymentPostprocessing = 0;
			shellPath = /bin/sh;
			shellScript = "if which swiftgen >/dev/null; then\n    echo \"Generate Storyboards\"\n    swiftgen storyboards  $SRCROOT/Cities --output $SRCROOT/Cities/GeneratedCode/AppStoryboards.swift -t swift4\nelse\n    echo \"Warning: SwiftGen not installed\"\nfi\n";
		};
/* End PBXShellScriptBuildPhase section */

/* Begin PBXSourcesBuildPhase section */
		C22869812055A06B00BDDB7B /* Sources */ = {
			isa = PBXSourcesBuildPhase;
			buildActionMask = 2147483647;
			files = (
				C228698B2055A06B00BDDB7B /* ListViewController.swift in Sources */,
				C22869892055A06B00BDDB7B /* AppDelegate.swift in Sources */,
				C22869CC2055B29300BDDB7B /* Requestable.swift in Sources */,
				C2FB42AD2058743500E4F968 /* Groupable.swift in Sources */,
				C22869AF2055A3AC00BDDB7B /* Updatable.swift in Sources */,
				C2286A56205849FC00BDDB7B /* JSONLoadPresenter.swift in Sources */,
				C22869BC2055A7FF00BDDB7B /* MapViewController.swift in Sources */,
				C2FB42AF205876DA00E4F968 /* LoadPresenterProtocol.swift in Sources */,
				C22869DF2055C05900BDDB7B /* NSObject+.swift in Sources */,
				C22869D62055BBFF00BDDB7B /* Decodable+.swift in Sources */,
				C22869C92055B23300BDDB7B /* CitiesRequest.swift in Sources */,
				C22869AC2055A39300BDDB7B /* CityCell.swift in Sources */,
				C2286A54205848DE00BDDB7B /* LoadViewController.swift in Sources */,
				C22869D22055B8C500BDDB7B /* ServiceError.swift in Sources */,
				C2FB42A72058684700E4F968 /* AppStoryboards.swift in Sources */,
				C22869D82055BF9200BDDB7B /* UIViewController+Alert.swift in Sources */,
				C22869D02055B5A200BDDB7B /* Response.swift in Sources */,
				C2FB42B120587A5300E4F968 /* UserLoadPresenter.swift in Sources */,
				C22869AA2055A2EC00BDDB7B /* City.swift in Sources */,
				C22869B42055A6C200BDDB7B /* App.swift in Sources */,
				C22869C22055AE1500BDDB7B /* ListPresenterProtocol.swift in Sources */,
				C22869DD2055C03700BDDB7B /* UITableView+Register.swift in Sources */,
				C22869B12055A3B500BDDB7B /* Resetable.swift in Sources */,
				C22869B62055A6DF00BDDB7B /* Palette.swift in Sources */,
				C22869C52055AE4400BDDB7B /* ListPresenter.swift in Sources */,
				C22869BA2055A74000BDDB7B /* UIColor+.swift in Sources */,
			);
			runOnlyForDeploymentPostprocessing = 0;
		};
		C22869952055A06C00BDDB7B /* Sources */ = {
			isa = PBXSourcesBuildPhase;
			buildActionMask = 2147483647;
			files = (
				C2FB42A32058558C00E4F968 /* CityTests.swift in Sources */,
				C228699E2055A06C00BDDB7B /* ListPresenterTests.swift in Sources */,
			);
			runOnlyForDeploymentPostprocessing = 0;
		};
/* End PBXSourcesBuildPhase section */

/* Begin PBXTargetDependency section */
		C228699B2055A06C00BDDB7B /* PBXTargetDependency */ = {
			isa = PBXTargetDependency;
			target = C22869842055A06B00BDDB7B /* Cities */;
			targetProxy = C228699A2055A06C00BDDB7B /* PBXContainerItemProxy */;
		};
/* End PBXTargetDependency section */

/* Begin PBXVariantGroup section */
		C228698C2055A06B00BDDB7B /* Main.storyboard */ = {
			isa = PBXVariantGroup;
			children = (
				C228698D2055A06B00BDDB7B /* Base */,
			);
			name = Main.storyboard;
			sourceTree = "<group>";
		};
		C22869912055A06B00BDDB7B /* LaunchScreen.storyboard */ = {
			isa = PBXVariantGroup;
			children = (
				C22869922055A06B00BDDB7B /* Base */,
			);
			name = LaunchScreen.storyboard;
			sourceTree = "<group>";
		};
/* End PBXVariantGroup section */

/* Begin XCBuildConfiguration section */
		C22869A02055A06C00BDDB7B /* Debug */ = {
			isa = XCBuildConfiguration;
			buildSettings = {
				ALWAYS_SEARCH_USER_PATHS = NO;
				CLANG_ANALYZER_NONNULL = YES;
				CLANG_ANALYZER_NUMBER_OBJECT_CONVERSION = YES_AGGRESSIVE;
				CLANG_CXX_LANGUAGE_STANDARD = "gnu++14";
				CLANG_CXX_LIBRARY = "libc++";
				CLANG_ENABLE_MODULES = YES;
				CLANG_ENABLE_OBJC_ARC = YES;
				CLANG_WARN_BLOCK_CAPTURE_AUTORELEASING = YES;
				CLANG_WARN_BOOL_CONVERSION = YES;
				CLANG_WARN_COMMA = YES;
				CLANG_WARN_CONSTANT_CONVERSION = YES;
				CLANG_WARN_DIRECT_OBJC_ISA_USAGE = YES_ERROR;
				CLANG_WARN_DOCUMENTATION_COMMENTS = YES;
				CLANG_WARN_EMPTY_BODY = YES;
				CLANG_WARN_ENUM_CONVERSION = YES;
				CLANG_WARN_INFINITE_RECURSION = YES;
				CLANG_WARN_INT_CONVERSION = YES;
				CLANG_WARN_NON_LITERAL_NULL_CONVERSION = YES;
				CLANG_WARN_OBJC_LITERAL_CONVERSION = YES;
				CLANG_WARN_OBJC_ROOT_CLASS = YES_ERROR;
				CLANG_WARN_RANGE_LOOP_ANALYSIS = YES;
				CLANG_WARN_STRICT_PROTOTYPES = YES;
				CLANG_WARN_SUSPICIOUS_MOVE = YES;
				CLANG_WARN_UNGUARDED_AVAILABILITY = YES_AGGRESSIVE;
				CLANG_WARN_UNREACHABLE_CODE = YES;
				CLANG_WARN__DUPLICATE_METHOD_MATCH = YES;
				CODE_SIGN_IDENTITY = "iPhone Developer";
				COPY_PHASE_STRIP = NO;
				DEBUG_INFORMATION_FORMAT = dwarf;
				ENABLE_STRICT_OBJC_MSGSEND = YES;
				ENABLE_TESTABILITY = YES;
				GCC_C_LANGUAGE_STANDARD = gnu11;
				GCC_DYNAMIC_NO_PIC = NO;
				GCC_NO_COMMON_BLOCKS = YES;
				GCC_OPTIMIZATION_LEVEL = 0;
				GCC_PREPROCESSOR_DEFINITIONS = (
					"DEBUG=1",
					"$(inherited)",
				);
				GCC_WARN_64_TO_32_BIT_CONVERSION = YES;
				GCC_WARN_ABOUT_RETURN_TYPE = YES_ERROR;
				GCC_WARN_UNDECLARED_SELECTOR = YES;
				GCC_WARN_UNINITIALIZED_AUTOS = YES_AGGRESSIVE;
				GCC_WARN_UNUSED_FUNCTION = YES;
				GCC_WARN_UNUSED_VARIABLE = YES;
				IPHONEOS_DEPLOYMENT_TARGET = 10.0;
				MTL_ENABLE_DEBUG_INFO = YES;
				ONLY_ACTIVE_ARCH = YES;
				SDKROOT = iphoneos;
				SWIFT_ACTIVE_COMPILATION_CONDITIONS = DEBUG;
				SWIFT_OPTIMIZATION_LEVEL = "-Onone";
			};
			name = Debug;
		};
		C22869A12055A06C00BDDB7B /* Release */ = {
			isa = XCBuildConfiguration;
			buildSettings = {
				ALWAYS_SEARCH_USER_PATHS = NO;
				CLANG_ANALYZER_NONNULL = YES;
				CLANG_ANALYZER_NUMBER_OBJECT_CONVERSION = YES_AGGRESSIVE;
				CLANG_CXX_LANGUAGE_STANDARD = "gnu++14";
				CLANG_CXX_LIBRARY = "libc++";
				CLANG_ENABLE_MODULES = YES;
				CLANG_ENABLE_OBJC_ARC = YES;
				CLANG_WARN_BLOCK_CAPTURE_AUTORELEASING = YES;
				CLANG_WARN_BOOL_CONVERSION = YES;
				CLANG_WARN_COMMA = YES;
				CLANG_WARN_CONSTANT_CONVERSION = YES;
				CLANG_WARN_DIRECT_OBJC_ISA_USAGE = YES_ERROR;
				CLANG_WARN_DOCUMENTATION_COMMENTS = YES;
				CLANG_WARN_EMPTY_BODY = YES;
				CLANG_WARN_ENUM_CONVERSION = YES;
				CLANG_WARN_INFINITE_RECURSION = YES;
				CLANG_WARN_INT_CONVERSION = YES;
				CLANG_WARN_NON_LITERAL_NULL_CONVERSION = YES;
				CLANG_WARN_OBJC_LITERAL_CONVERSION = YES;
				CLANG_WARN_OBJC_ROOT_CLASS = YES_ERROR;
				CLANG_WARN_RANGE_LOOP_ANALYSIS = YES;
				CLANG_WARN_STRICT_PROTOTYPES = YES;
				CLANG_WARN_SUSPICIOUS_MOVE = YES;
				CLANG_WARN_UNGUARDED_AVAILABILITY = YES_AGGRESSIVE;
				CLANG_WARN_UNREACHABLE_CODE = YES;
				CLANG_WARN__DUPLICATE_METHOD_MATCH = YES;
				CODE_SIGN_IDENTITY = "iPhone Developer";
				COPY_PHASE_STRIP = NO;
				DEBUG_INFORMATION_FORMAT = "dwarf-with-dsym";
				ENABLE_NS_ASSERTIONS = NO;
				ENABLE_STRICT_OBJC_MSGSEND = YES;
				GCC_C_LANGUAGE_STANDARD = gnu11;
				GCC_NO_COMMON_BLOCKS = YES;
				GCC_WARN_64_TO_32_BIT_CONVERSION = YES;
				GCC_WARN_ABOUT_RETURN_TYPE = YES_ERROR;
				GCC_WARN_UNDECLARED_SELECTOR = YES;
				GCC_WARN_UNINITIALIZED_AUTOS = YES_AGGRESSIVE;
				GCC_WARN_UNUSED_FUNCTION = YES;
				GCC_WARN_UNUSED_VARIABLE = YES;
				IPHONEOS_DEPLOYMENT_TARGET = 10.0;
				MTL_ENABLE_DEBUG_INFO = NO;
				SDKROOT = iphoneos;
				SWIFT_OPTIMIZATION_LEVEL = "-Owholemodule";
				VALIDATE_PRODUCT = YES;
			};
			name = Release;
		};
		C22869A32055A06C00BDDB7B /* Debug */ = {
			isa = XCBuildConfiguration;
			buildSettings = {
				ASSETCATALOG_COMPILER_APPICON_NAME = AppIcon;
				CODE_SIGN_STYLE = Automatic;
				INFOPLIST_FILE = "$(SRCROOT)/Cities/Support/Info.plist";
				LD_RUNPATH_SEARCH_PATHS = "$(inherited) @executable_path/Frameworks";
				PRODUCT_BUNDLE_IDENTIFIER = pt.fnx.Cities;
				PRODUCT_NAME = "$(TARGET_NAME)";
				SWIFT_VERSION = 4.0;
				TARGETED_DEVICE_FAMILY = "1,2";
			};
			name = Debug;
		};
		C22869A42055A06C00BDDB7B /* Release */ = {
			isa = XCBuildConfiguration;
			buildSettings = {
				ASSETCATALOG_COMPILER_APPICON_NAME = AppIcon;
				CODE_SIGN_STYLE = Automatic;
				INFOPLIST_FILE = "$(SRCROOT)/Cities/Support/Info.plist";
				LD_RUNPATH_SEARCH_PATHS = "$(inherited) @executable_path/Frameworks";
				PRODUCT_BUNDLE_IDENTIFIER = pt.fnx.Cities;
				PRODUCT_NAME = "$(TARGET_NAME)";
				SWIFT_VERSION = 4.0;
				TARGETED_DEVICE_FAMILY = "1,2";
			};
			name = Release;
		};
		C22869A62055A06C00BDDB7B /* Debug */ = {
			isa = XCBuildConfiguration;
			buildSettings = {
				ALWAYS_EMBED_SWIFT_STANDARD_LIBRARIES = YES;
				BUNDLE_LOADER = "$(TEST_HOST)";
				CODE_SIGN_STYLE = Automatic;
				INFOPLIST_FILE = CitiesTests/Info.plist;
				LD_RUNPATH_SEARCH_PATHS = "$(inherited) @executable_path/Frameworks @loader_path/Frameworks";
				PRODUCT_BUNDLE_IDENTIFIER = pt.fnx.CitiesTests;
				PRODUCT_NAME = "$(TARGET_NAME)";
				SWIFT_VERSION = 4.0;
				TARGETED_DEVICE_FAMILY = "1,2";
				TEST_HOST = "$(BUILT_PRODUCTS_DIR)/Cities.app/Cities";
			};
			name = Debug;
		};
		C22869A72055A06C00BDDB7B /* Release */ = {
			isa = XCBuildConfiguration;
			buildSettings = {
				ALWAYS_EMBED_SWIFT_STANDARD_LIBRARIES = YES;
				BUNDLE_LOADER = "$(TEST_HOST)";
				CODE_SIGN_STYLE = Automatic;
				INFOPLIST_FILE = CitiesTests/Info.plist;
				LD_RUNPATH_SEARCH_PATHS = "$(inherited) @executable_path/Frameworks @loader_path/Frameworks";
				PRODUCT_BUNDLE_IDENTIFIER = pt.fnx.CitiesTests;
				PRODUCT_NAME = "$(TARGET_NAME)";
				SWIFT_VERSION = 4.0;
				TARGETED_DEVICE_FAMILY = "1,2";
				TEST_HOST = "$(BUILT_PRODUCTS_DIR)/Cities.app/Cities";
			};
			name = Release;
		};
/* End XCBuildConfiguration section */

/* Begin XCConfigurationList section */
		C22869802055A06B00BDDB7B /* Build configuration list for PBXProject "Cities" */ = {
			isa = XCConfigurationList;
			buildConfigurations = (
				C22869A02055A06C00BDDB7B /* Debug */,
				C22869A12055A06C00BDDB7B /* Release */,
			);
			defaultConfigurationIsVisible = 0;
			defaultConfigurationName = Release;
		};
		C22869A22055A06C00BDDB7B /* Build configuration list for PBXNativeTarget "Cities" */ = {
			isa = XCConfigurationList;
			buildConfigurations = (
				C22869A32055A06C00BDDB7B /* Debug */,
				C22869A42055A06C00BDDB7B /* Release */,
			);
			defaultConfigurationIsVisible = 0;
			defaultConfigurationName = Release;
		};
		C22869A52055A06C00BDDB7B /* Build configuration list for PBXNativeTarget "CitiesTests" */ = {
			isa = XCConfigurationList;
			buildConfigurations = (
				C22869A62055A06C00BDDB7B /* Debug */,
				C22869A72055A06C00BDDB7B /* Release */,
			);
			defaultConfigurationIsVisible = 0;
			defaultConfigurationName = Release;
		};
/* End XCConfigurationList section */
	};
	rootObject = C228697D2055A06B00BDDB7B /* Project object */;
}
